
Microsoft Visual Studio Solution File, Format Version 12.00
# Visual Studio Version 17
VisualStudioVersion = 17.11.35327.3
MinimumVisualStudioVersion = 10.0.40219.1
Project("{FAE04EC0-301F-11D3-BF4B-00C04F79EFBC}") = "AoC 2024", "AoC 2024\AoC 2024.csproj", "{EE059A3D-5B58-4958-A148-1E9EC9B2AF39}"
EndProject
Global
	GlobalSection(SolutionConfigurationPlatforms) = preSolution
		Debug|Any CPU = Debug|Any CPU
		Release|Any CPU = Release|Any CPU
	EndGlobalSection
	GlobalSection(ProjectConfigurationPlatforms) = postSolution
		{EE059A3D-5B58-4958-A148-1E9EC9B2AF39}.Debug|Any CPU.ActiveCfg = Debug|Any CPU
		{EE059A3D-5B58-4958-A148-1E9EC9B2AF39}.Debug|Any CPU.Build.0 = Debug|Any CPU
		{EE059A3D-5B58-4958-A148-1E9EC9B2AF39}.Release|Any CPU.ActiveCfg = Release|Any CPU
		{EE059A3D-5B58-4958-A148-1E9EC9B2AF39}.Release|Any CPU.Build.0 = Release|Any CPU
	EndGlobalSection
	GlobalSection(SolutionProperties) = preSolution
		HideSolutionNode = FALSE
	EndGlobalSection
	GlobalSection(ExtensibilityGlobals) = postSolution
		SolutionGuid = {68A2B813-943B-4D3E-8DC2-79B2E37DE219}
	EndGlobalSection
EndGlobal
